PODS:
  - RCVUIKit (0.3.2)
  - Ringcentral-Video-SDK (0.12.0)

DEPENDENCIES:
  - RCVUIKit (~> 0.3.2)
  - Ringcentral-Video-SDK (~> 0.12.0)

SPEC REPOS:
  trunk:
    - RCVUIKit
    - Ringcentral-Video-SDK

SPEC CHECKSUMS:
  RCVUIKit: 856d50b7df7e3284d0c0da1160b28d0b5bdfcc5d
  Ringcentral-Video-SDK: 6efc97986dfa9142765d8d143fa81ecd0c0eda8d

PODFILE CHECKSUM: 9e51d85e50bd079498e249b29c952608bf3ed0d8

COCOAPODS: 1.12.1
