PODS:
  - RCVUIKit (0.3.0)
  - Ringcentral-Video-SDK (0.12.0)

DEPENDENCIES:
  - RCVUIKit (~> 0.3.0)
  - Ringcentral-Video-SDK (~> 0.12.0)

SPEC REPOS:
  trunk:
    - RCVUIKit
    - Ringcentral-Video-SDK

SPEC CHECKSUMS:
  RCVUIKit: 23eafea8e74063db607ddf0750469528f621aa48
  Ringcentral-Video-SDK: 6efc97986dfa9142765d8d143fa81ecd0c0eda8d

PODFILE CHECKSUM: 8fd7f995d31d06704de42230e5bad7acefa8f134

COCOAPODS: 1.11.3
