PODS:
  - RCVUIKit (0.2.0)
  - Ringcentral-Video-SDK (0.11.0)

DEPENDENCIES:
  - RCVUIKit (~> 0.2.0)
  - Ringcentral-Video-SDK (~> 0.11.0)

SPEC REPOS:
  trunk:
    - RCVUIKit
    - Ringcentral-Video-SDK

SPEC CHECKSUMS:
  RCVUIKit: a2631d6780f31d8ec2890a615f829b977ffaca70
  Ringcentral-Video-SDK: e0156389382e0a0b3fca966c8f8be28c20806e20

PODFILE CHECKSUM: 15f73f7f09ecbd03a408679f830131f7ff27ab5d

COCOAPODS: 1.11.3
