PODS:
  - Ringcentral-Video-SDK (0.10.0)

DEPENDENCIES:
  - Ringcentral-Video-SDK (~> 0.10.0)

SPEC REPOS:
  trunk:
    - Ringcentral-Video-SDK

SPEC CHECKSUMS:
  Ringcentral-Video-SDK: 6e1e76a2468fbe5075d431ad4f305dd61e22c3b5

PODFILE CHECKSUM: 1e9d39b0bf72b5a5d9f7ce128572ebe83565fe09

COCOAPODS: 1.11.3
