PODS:
  - Ringcentral-Video-SDK (0.14.0)

DEPENDENCIES:
  - Ringcentral-Video-SDK (~> 0.14.0)

SPEC REPOS:
  trunk:
    - Ringcentral-Video-SDK

SPEC CHECKSUMS:
  Ringcentral-Video-SDK: 3a37a135f7bae8270d43ee8ffbfa2fbbd5462ab2

PODFILE CHECKSUM: 687f3d668d583e0e7201c9eb766ae7086d420288

COCOAPODS: 1.11.3
